
Microsoft Visual Studio Solution File, Format Version 12.00
# Visual Studio Version 17
VisualStudioVersion = 17.2.32616.157
MinimumVisualStudioVersion = 10.0.40219.1
Project("{9A19103F-16F7-4668-BE54-9A1E7A4F7556}") = "StupidMode", "StupidMode.csproj", "{D999D6BE-444B-46C4-A7CB-C186B43BEF41}"
EndProject
Global
	GlobalSection(SolutionConfigurationPlatforms) = preSolution
		Debug|Any CPU = Debug|Any CPU
		Release|Any CPU = Release|Any CPU
	EndGlobalSection
	GlobalSection(ProjectConfigurationPlatforms) = postSolution
		{D999D6BE-444B-46C4-A7CB-C186B43BEF41}.Debug|Any CPU.ActiveCfg = Debug|Any CPU
		{D999D6BE-444B-46C4-A7CB-C186B43BEF41}.Debug|Any CPU.Build.0 = Debug|Any CPU
		{D999D6BE-444B-46C4-A7CB-C186B43BEF41}.Release|Any CPU.ActiveCfg = Release|Any CPU
		{D999D6BE-444B-46C4-A7CB-C186B43BEF41}.Release|Any CPU.Build.0 = Release|Any CPU
	EndGlobalSection
	GlobalSection(SolutionProperties) = preSolution
		HideSolutionNode = FALSE
	EndGlobalSection
	GlobalSection(ExtensibilityGlobals) = postSolution
		SolutionGuid = {992798F3-6801-48C9-AAE7-B861A167358F}
	EndGlobalSection
EndGlobal
